
Microsoft Visual Studio Solution File, Format Version 12.00
# Visual Studio Version 17
Project("{8BC9CEB8-8B4A-11D0-8D11-00A0C91BC942}") = "ALL_BUILD", "ALL_BUILD.vcxproj", "{913E0BCC-89BA-3BFB-89F2-5A16E1C2D2C5}"
	ProjectSection(ProjectDependencies) = postProject
		{0E92BE37-8BE4-360D-A8C4-2227E5DB24BA} = {0E92BE37-8BE4-360D-A8C4-2227E5DB24BA}
		{69B9718A-2847-34D2-B6DF-AB384169453D} = {69B9718A-2847-34D2-B6DF-AB384169453D}
		{4D4655B6-F9CA-33B7-8935-42A49BF492DC} = {4D4655B6-F9CA-33B7-8935-42A49BF492DC}
	EndProjectSection
EndProject
Project("{8BC9CEB8-8B4A-11D0-8D11-00A0C91BC942}") = "ZERO_CHECK", "ZERO_CHECK.vcxproj", "{0E92BE37-8BE4-360D-A8C4-2227E5DB24BA}"
	ProjectSection(ProjectDependencies) = postProject
	EndProjectSection
EndProject
Project("{8BC9CEB8-8B4A-11D0-8D11-00A0C91BC942}") = "cw1-original", "cw1-original.vcxproj", "{69B9718A-2847-34D2-B6DF-AB384169453D}"
	ProjectSection(ProjectDependencies) = postProject
		{0E92BE37-8BE4-360D-A8C4-2227E5DB24BA} = {0E92BE37-8BE4-360D-A8C4-2227E5DB24BA}
	EndProjectSection
EndProject
Project("{8BC9CEB8-8B4A-11D0-8D11-00A0C91BC942}") = "cw1-serial-chrono", "cw1-serial-chrono.vcxproj", "{4D4655B6-F9CA-33B7-8935-42A49BF492DC}"
	ProjectSection(ProjectDependencies) = postProject
		{0E92BE37-8BE4-360D-A8C4-2227E5DB24BA} = {0E92BE37-8BE4-360D-A8C4-2227E5DB24BA}
	EndProjectSection
EndProject
Global
	GlobalSection(SolutionConfigurationPlatforms) = preSolution
		Debug|x64 = Debug|x64
		Release|x64 = Release|x64
		MinSizeRel|x64 = MinSizeRel|x64
		RelWithDebInfo|x64 = RelWithDebInfo|x64
	EndGlobalSection
	GlobalSection(ProjectConfigurationPlatforms) = postSolution
		{913E0BCC-89BA-3BFB-89F2-5A16E1C2D2C5}.Debug|x64.ActiveCfg = Debug|x64
		{913E0BCC-89BA-3BFB-89F2-5A16E1C2D2C5}.Release|x64.ActiveCfg = Release|x64
		{913E0BCC-89BA-3BFB-89F2-5A16E1C2D2C5}.MinSizeRel|x64.ActiveCfg = MinSizeRel|x64
		{913E0BCC-89BA-3BFB-89F2-5A16E1C2D2C5}.RelWithDebInfo|x64.ActiveCfg = RelWithDebInfo|x64
		{0E92BE37-8BE4-360D-A8C4-2227E5DB24BA}.Debug|x64.ActiveCfg = Debug|x64
		{0E92BE37-8BE4-360D-A8C4-2227E5DB24BA}.Debug|x64.Build.0 = Debug|x64
		{0E92BE37-8BE4-360D-A8C4-2227E5DB24BA}.Release|x64.ActiveCfg = Release|x64
		{0E92BE37-8BE4-360D-A8C4-2227E5DB24BA}.Release|x64.Build.0 = Release|x64
		{0E92BE37-8BE4-360D-A8C4-2227E5DB24BA}.MinSizeRel|x64.ActiveCfg = MinSizeRel|x64
		{0E92BE37-8BE4-360D-A8C4-2227E5DB24BA}.MinSizeRel|x64.Build.0 = MinSizeRel|x64
		{0E92BE37-8BE4-360D-A8C4-2227E5DB24BA}.RelWithDebInfo|x64.ActiveCfg = RelWithDebInfo|x64
		{0E92BE37-8BE4-360D-A8C4-2227E5DB24BA}.RelWithDebInfo|x64.Build.0 = RelWithDebInfo|x64
		{69B9718A-2847-34D2-B6DF-AB384169453D}.Debug|x64.ActiveCfg = Debug|x64
		{69B9718A-2847-34D2-B6DF-AB384169453D}.Debug|x64.Build.0 = Debug|x64
		{69B9718A-2847-34D2-B6DF-AB384169453D}.Release|x64.ActiveCfg = Release|x64
		{69B9718A-2847-34D2-B6DF-AB384169453D}.Release|x64.Build.0 = Release|x64
		{69B9718A-2847-34D2-B6DF-AB384169453D}.MinSizeRel|x64.ActiveCfg = MinSizeRel|x64
		{69B9718A-2847-34D2-B6DF-AB384169453D}.MinSizeRel|x64.Build.0 = MinSizeRel|x64
		{69B9718A-2847-34D2-B6DF-AB384169453D}.RelWithDebInfo|x64.ActiveCfg = RelWithDebInfo|x64
		{69B9718A-2847-34D2-B6DF-AB384169453D}.RelWithDebInfo|x64.Build.0 = RelWithDebInfo|x64
		{4D4655B6-F9CA-33B7-8935-42A49BF492DC}.Debug|x64.ActiveCfg = Debug|x64
		{4D4655B6-F9CA-33B7-8935-42A49BF492DC}.Debug|x64.Build.0 = Debug|x64
		{4D4655B6-F9CA-33B7-8935-42A49BF492DC}.Release|x64.ActiveCfg = Release|x64
		{4D4655B6-F9CA-33B7-8935-42A49BF492DC}.Release|x64.Build.0 = Release|x64
		{4D4655B6-F9CA-33B7-8935-42A49BF492DC}.MinSizeRel|x64.ActiveCfg = MinSizeRel|x64
		{4D4655B6-F9CA-33B7-8935-42A49BF492DC}.MinSizeRel|x64.Build.0 = MinSizeRel|x64
		{4D4655B6-F9CA-33B7-8935-42A49BF492DC}.RelWithDebInfo|x64.ActiveCfg = RelWithDebInfo|x64
		{4D4655B6-F9CA-33B7-8935-42A49BF492DC}.RelWithDebInfo|x64.Build.0 = RelWithDebInfo|x64
	EndGlobalSection
	GlobalSection(ExtensibilityGlobals) = postSolution
		SolutionGuid = {72E1B618-6AFB-3E40-84AB-0FEA6F9581CF}
	EndGlobalSection
	GlobalSection(ExtensibilityAddIns) = postSolution
	EndGlobalSection
EndGlobal
