<?xml version="1.0" encoding="utf-8"?>
<Project ToolsVersion="17.0" xmlns="http://schemas.microsoft.com/developer/msbuild/2003">
  <ItemGroup>
    <CustomBuild Include="C:\Users\SaraHusseinCelda\source\repos\set10108_sarahbalboa\labs\cw1_serialBuild\CMakeFiles\1a8943ec6ef88d1f8e6cba7e24bb1583\generate.stamp.rule">
      <Filter>CMake Rules</Filter>
    </CustomBuild>
  </ItemGroup>
  <ItemGroup>
    <Filter Include="CMake Rules">
      <UniqueIdentifier>{FD40CC1C-8908-3AFC-AF77-4EE55C526AA6}</UniqueIdentifier>
    </Filter>
  </ItemGroup>
</Project>
